
Microsoft Visual Studio Solution File, Format Version 12.00
# Visual Studio Version 17
VisualStudioVersion = 17.2.32616.157
MinimumVisualStudioVersion = 10.0.40219.1
Project("{FAE04EC0-301F-11D3-BF4B-00C04F79EFBC}") = "WebApplication13", "WebApplication13\WebApplication13.csproj", "{421F022E-4DC5-4B79-AA97-4E24B8FE2162}"
EndProject
Global
	GlobalSection(SolutionConfigurationPlatforms) = preSolution
		Debug|Any CPU = Debug|Any CPU
		Release|Any CPU = Release|Any CPU
	EndGlobalSection
	GlobalSection(ProjectConfigurationPlatforms) = postSolution
		{421F022E-4DC5-4B79-AA97-4E24B8FE2162}.Debug|Any CPU.ActiveCfg = Debug|Any CPU
		{421F022E-4DC5-4B79-AA97-4E24B8FE2162}.Debug|Any CPU.Build.0 = Debug|Any CPU
		{421F022E-4DC5-4B79-AA97-4E24B8FE2162}.Release|Any CPU.ActiveCfg = Release|Any CPU
		{421F022E-4DC5-4B79-AA97-4E24B8FE2162}.Release|Any CPU.Build.0 = Release|Any CPU
	EndGlobalSection
	GlobalSection(SolutionProperties) = preSolution
		HideSolutionNode = FALSE
	EndGlobalSection
	GlobalSection(ExtensibilityGlobals) = postSolution
		SolutionGuid = {D9E0D31E-EFE5-47A6-9591-D463940012E7}
	EndGlobalSection
EndGlobal
